PODS:
  - AVOSCloud (3.2.2)
  - AVOSCloudCrashReporting (3.2.2):
    - AVOSCloud
  - AVOSCloudIM (3.2.2):
    - AVOSCloud

DEPENDENCIES:
  - AVOSCloud
  - AVOSCloudCrashReporting
  - AVOSCloudIM

SPEC CHECKSUMS:
  AVOSCloud: 73eb3e7b772b84998df5fb104813c17b39b25cf3
  AVOSCloudCrashReporting: 07e52633ad0dc2a84c310e6a5ae268f42eea5959
  AVOSCloudIM: 3cb536dae7cecb2ae6eab5da3ef2663c6561ab39

COCOAPODS: 0.39.0
