// !$*UTF8*$!
{
	archiveVersion = 1;
	classes = {
	};
	objectVersion = 46;
	objects = {

/* Begin PBXBuildFile section */
		6B0556A2B2C39D7BDC4B51C4 /* libPods.a in Frameworks */ = {isa = PBXBuildFile; fileRef = 856E8FB589951971D82138B0 /* libPods.a */; };
		F01AFE001C5670F5004F2A7A /* NewListView.swift in Sources */ = {isa = PBXBuildFile; fileRef = F01AFDFF1C5670F5004F2A7A /* NewListView.swift */; };
		F0303D9F1C5610CF00434518 /* AppDelegate.swift in Sources */ = {isa = PBXBuildFile; fileRef = F0303D9E1C5610CF00434518 /* AppDelegate.swift */; };
		F0303DA61C5610CF00434518 /* Assets.xcassets in Resources */ = {isa = PBXBuildFile; fileRef = F0303DA51C5610CF00434518 /* Assets.xcassets */; };
		F0303DA91C5610CF00434518 /* LaunchScreen.storyboard in Resources */ = {isa = PBXBuildFile; fileRef = F0303DA71C5610CF00434518 /* LaunchScreen.storyboard */; };
		F0303DB41C5610CF00434518 /* ZCBookTests.swift in Sources */ = {isa = PBXBuildFile; fileRef = F0303DB31C5610CF00434518 /* ZCBookTests.swift */; };
		F0303DBF1C5610D000434518 /* ZCBookUITests.swift in Sources */ = {isa = PBXBuildFile; fileRef = F0303DBE1C5610D000434518 /* ZCBookUITests.swift */; };
		F0303DD41C56137600434518 /* MainTabBarController.swift in Sources */ = {isa = PBXBuildFile; fileRef = F0303DD31C56137600434518 /* MainTabBarController.swift */; };
		F0303DD61C5613AF00434518 /* RankingViewController.swift in Sources */ = {isa = PBXBuildFile; fileRef = F0303DD51C5613AF00434518 /* RankingViewController.swift */; };
		F0303DD81C5613C100434518 /* DiscoveryViewController.swift in Sources */ = {isa = PBXBuildFile; fileRef = F0303DD71C5613C100434518 /* DiscoveryViewController.swift */; };
		F0303DDA1C5613E900434518 /* NewViewController.swift in Sources */ = {isa = PBXBuildFile; fileRef = F0303DD91C5613E900434518 /* NewViewController.swift */; };
		F0303DDC1C56141200434518 /* CircleViewController.swift in Sources */ = {isa = PBXBuildFile; fileRef = F0303DDB1C56141200434518 /* CircleViewController.swift */; };
		F0303DDE1C56141D00434518 /* MoreViewController.swift in Sources */ = {isa = PBXBuildFile; fileRef = F0303DDD1C56141D00434518 /* MoreViewController.swift */; };
		F0303DE11C5618F500434518 /* MainNavigationController.swift in Sources */ = {isa = PBXBuildFile; fileRef = F0303DE01C5618F500434518 /* MainNavigationController.swift */; };
		F0303DE31C561EDB00434518 /* Podfile in Resources */ = {isa = PBXBuildFile; fileRef = F0303DE21C561EDB00434518 /* Podfile */; };
		F0303DE51C562DE400434518 /* NewListViewController.swift in Sources */ = {isa = PBXBuildFile; fileRef = F0303DE41C562DE400434518 /* NewListViewController.swift */; };
		F0303DE71C562F0600434518 /* Constant.swift in Sources */ = {isa = PBXBuildFile; fileRef = F0303DE61C562F0600434518 /* Constant.swift */; };
/* End PBXBuildFile section */

/* Begin PBXContainerItemProxy section */
		F0303DB01C5610CF00434518 /* PBXContainerItemProxy */ = {
			isa = PBXContainerItemProxy;
			containerPortal = F0303D931C5610CF00434518 /* Project object */;
			proxyType = 1;
			remoteGlobalIDString = F0303D9A1C5610CF00434518;
			remoteInfo = ZCBook;
		};
		F0303DBB1C5610CF00434518 /* PBXContainerItemProxy */ = {
			isa = PBXContainerItemProxy;
			containerPortal = F0303D931C5610CF00434518 /* Project object */;
			proxyType = 1;
			remoteGlobalIDString = F0303D9A1C5610CF00434518;
			remoteInfo = ZCBook;
		};
/* End PBXContainerItemProxy section */

/* Begin PBXFileReference section */
		34F0B5A41CBF6AAC01D88852 /* Pods.debug.xcconfig */ = {isa = PBXFileReference; includeInIndex = 1; lastKnownFileType = text.xcconfig; name = Pods.debug.xcconfig; path = "Pods/Target Support Files/Pods/Pods.debug.xcconfig"; sourceTree = "<group>"; };
		856E8FB589951971D82138B0 /* libPods.a */ = {isa = PBXFileReference; explicitFileType = archive.ar; includeInIndex = 0; path = libPods.a; sourceTree = BUILT_PRODUCTS_DIR; };
		951926A57DFBE6AD1BC4FA4C /* Pods.release.xcconfig */ = {isa = PBXFileReference; includeInIndex = 1; lastKnownFileType = text.xcconfig; name = Pods.release.xcconfig; path = "Pods/Target Support Files/Pods/Pods.release.xcconfig"; sourceTree = "<group>"; };
		F01AFDFF1C5670F5004F2A7A /* NewListView.swift */ = {isa = PBXFileReference; fileEncoding = 4; lastKnownFileType = sourcecode.swift; path = NewListView.swift; sourceTree = "<group>"; };
		F0303D9B1C5610CF00434518 /* ZCBook.app */ = {isa = PBXFileReference; explicitFileType = wrapper.application; includeInIndex = 0; path = ZCBook.app; sourceTree = BUILT_PRODUCTS_DIR; };
		F0303D9E1C5610CF00434518 /* AppDelegate.swift */ = {isa = PBXFileReference; lastKnownFileType = sourcecode.swift; path = AppDelegate.swift; sourceTree = "<group>"; };
		F0303DA51C5610CF00434518 /* Assets.xcassets */ = {isa = PBXFileReference; lastKnownFileType = folder.assetcatalog; path = Assets.xcassets; sourceTree = "<group>"; };
		F0303DA81C5610CF00434518 /* Base */ = {isa = PBXFileReference; lastKnownFileType = file.storyboard; name = Base; path = Base.lproj/LaunchScreen.storyboard; sourceTree = "<group>"; };
		F0303DAA1C5610CF00434518 /* Info.plist */ = {isa = PBXFileReference; lastKnownFileType = text.plist.xml; path = Info.plist; sourceTree = "<group>"; };
		F0303DAF1C5610CF00434518 /* ZCBookTests.xctest */ = {isa = PBXFileReference; explicitFileType = wrapper.cfbundle; includeInIndex = 0; path = ZCBookTests.xctest; sourceTree = BUILT_PRODUCTS_DIR; };
		F0303DB31C5610CF00434518 /* ZCBookTests.swift */ = {isa = PBXFileReference; lastKnownFileType = sourcecode.swift; path = ZCBookTests.swift; sourceTree = "<group>"; };
		F0303DB51C5610CF00434518 /* Info.plist */ = {isa = PBXFileReference; lastKnownFileType = text.plist.xml; path = Info.plist; sourceTree = "<group>"; };
		F0303DBA1C5610CF00434518 /* ZCBookUITests.xctest */ = {isa = PBXFileReference; explicitFileType = wrapper.cfbundle; includeInIndex = 0; path = ZCBookUITests.xctest; sourceTree = BUILT_PRODUCTS_DIR; };
		F0303DBE1C5610D000434518 /* ZCBookUITests.swift */ = {isa = PBXFileReference; lastKnownFileType = sourcecode.swift; path = ZCBookUITests.swift; sourceTree = "<group>"; };
		F0303DC01C5610D000434518 /* Info.plist */ = {isa = PBXFileReference; lastKnownFileType = text.plist.xml; path = Info.plist; sourceTree = "<group>"; };
		F0303DD31C56137600434518 /* MainTabBarController.swift */ = {isa = PBXFileReference; fileEncoding = 4; lastKnownFileType = sourcecode.swift; path = MainTabBarController.swift; sourceTree = "<group>"; };
		F0303DD51C5613AF00434518 /* RankingViewController.swift */ = {isa = PBXFileReference; fileEncoding = 4; lastKnownFileType = sourcecode.swift; path = RankingViewController.swift; sourceTree = "<group>"; };
		F0303DD71C5613C100434518 /* DiscoveryViewController.swift */ = {isa = PBXFileReference; fileEncoding = 4; lastKnownFileType = sourcecode.swift; path = DiscoveryViewController.swift; sourceTree = "<group>"; };
		F0303DD91C5613E900434518 /* NewViewController.swift */ = {isa = PBXFileReference; fileEncoding = 4; lastKnownFileType = sourcecode.swift; path = NewViewController.swift; sourceTree = "<group>"; };
		F0303DDB1C56141200434518 /* CircleViewController.swift */ = {isa = PBXFileReference; fileEncoding = 4; lastKnownFileType = sourcecode.swift; path = CircleViewController.swift; sourceTree = "<group>"; };
		F0303DDD1C56141D00434518 /* MoreViewController.swift */ = {isa = PBXFileReference; fileEncoding = 4; lastKnownFileType = sourcecode.swift; path = MoreViewController.swift; sourceTree = "<group>"; };
		F0303DE01C5618F500434518 /* MainNavigationController.swift */ = {isa = PBXFileReference; fileEncoding = 4; lastKnownFileType = sourcecode.swift; path = MainNavigationController.swift; sourceTree = "<group>"; };
		F0303DE21C561EDB00434518 /* Podfile */ = {isa = PBXFileReference; fileEncoding = 4; lastKnownFileType = text; name = Podfile; path = ../Podfile; sourceTree = "<group>"; xcLanguageSpecificationIdentifier = xcode.lang.ruby; };
		F0303DE41C562DE400434518 /* NewListViewController.swift */ = {isa = PBXFileReference; fileEncoding = 4; lastKnownFileType = sourcecode.swift; path = NewListViewController.swift; sourceTree = "<group>"; };
		F0303DE61C562F0600434518 /* Constant.swift */ = {isa = PBXFileReference; fileEncoding = 4; lastKnownFileType = sourcecode.swift; path = Constant.swift; sourceTree = "<group>"; };
/* End PBXFileReference section */

/* Begin PBXFrameworksBuildPhase section */
		F0303D981C5610CF00434518 /* Frameworks */ = {
			isa = PBXFrameworksBuildPhase;
			buildActionMask = 2147483647;
			files = (
				6B0556A2B2C39D7BDC4B51C4 /* libPods.a in Frameworks */,
			);
			runOnlyForDeploymentPostprocessing = 0;
		};
		F0303DAC1C5610CF00434518 /* Frameworks */ = {
			isa = PBXFrameworksBuildPhase;
			buildActionMask = 2147483647;
			files = (
			);
			runOnlyForDeploymentPostprocessing = 0;
		};
		F0303DB71C5610CF00434518 /* Frameworks */ = {
			isa = PBXFrameworksBuildPhase;
			buildActionMask = 2147483647;
			files = (
			);
			runOnlyForDeploymentPostprocessing = 0;
		};
/* End PBXFrameworksBuildPhase section */

/* Begin PBXGroup section */
		C4BE548110AD3FAF7DD301DE /* Frameworks */ = {
			isa = PBXGroup;
			children = (
				856E8FB589951971D82138B0 /* libPods.a */,
			);
			name = Frameworks;
			sourceTree = "<group>";
		};
		EAFCD1C8387F837013BF51B8 /* Pods */ = {
			isa = PBXGroup;
			children = (
				34F0B5A41CBF6AAC01D88852 /* Pods.debug.xcconfig */,
				951926A57DFBE6AD1BC4FA4C /* Pods.release.xcconfig */,
			);
			name = Pods;
			sourceTree = "<group>";
		};
		F01AFDFC1C56701C004F2A7A /* Model */ = {
			isa = PBXGroup;
			children = (
			);
			name = Model;
			sourceTree = "<group>";
		};
		F01AFDFD1C56702A004F2A7A /* View */ = {
			isa = PBXGroup;
			children = (
				F01AFDFF1C5670F5004F2A7A /* NewListView.swift */,
			);
			name = View;
			sourceTree = "<group>";
		};
		F01AFDFE1C567032004F2A7A /* Controller */ = {
			isa = PBXGroup;
			children = (
				F0303DD91C5613E900434518 /* NewViewController.swift */,
				F0303DE41C562DE400434518 /* NewListViewController.swift */,
			);
			name = Controller;
			sourceTree = "<group>";
		};
		F0303D921C5610CF00434518 = {
			isa = PBXGroup;
			children = (
				F0303D9D1C5610CF00434518 /* ZCBook */,
				F0303DB21C5610CF00434518 /* ZCBookTests */,
				F0303DBD1C5610D000434518 /* ZCBookUITests */,
				F0303D9C1C5610CF00434518 /* Products */,
				EAFCD1C8387F837013BF51B8 /* Pods */,
				C4BE548110AD3FAF7DD301DE /* Frameworks */,
			);
			sourceTree = "<group>";
		};
		F0303D9C1C5610CF00434518 /* Products */ = {
			isa = PBXGroup;
			children = (
				F0303D9B1C5610CF00434518 /* ZCBook.app */,
				F0303DAF1C5610CF00434518 /* ZCBookTests.xctest */,
				F0303DBA1C5610CF00434518 /* ZCBookUITests.xctest */,
			);
			name = Products;
			sourceTree = "<group>";
		};
		F0303D9D1C5610CF00434518 /* ZCBook */ = {
			isa = PBXGroup;
			children = (
				F0303DCC1C56124100434518 /* RankingList */,
				F0303DCE1C56128A00434518 /* Discovery */,
				F0303DCF1C56129400434518 /* New */,
				F0303DD01C5612B300434518 /* Circle */,
				F0303DD11C5612D000434518 /* More */,
				F0303DD21C56131300434518 /* Main(公共的) */,
				F0303DDF1C56143C00434518 /* Supporting Files */,
				F0303D9E1C5610CF00434518 /* AppDelegate.swift */,
				F0303DA71C5610CF00434518 /* LaunchScreen.storyboard */,
				F0303DA51C5610CF00434518 /* Assets.xcassets */,
			);
			path = ZCBook;
			sourceTree = "<group>";
		};
		F0303DB21C5610CF00434518 /* ZCBookTests */ = {
			isa = PBXGroup;
			children = (
				F0303DB31C5610CF00434518 /* ZCBookTests.swift */,
				F0303DB51C5610CF00434518 /* Info.plist */,
			);
			path = ZCBookTests;
			sourceTree = "<group>";
		};
		F0303DBD1C5610D000434518 /* ZCBookUITests */ = {
			isa = PBXGroup;
			children = (
				F0303DBE1C5610D000434518 /* ZCBookUITests.swift */,
				F0303DC01C5610D000434518 /* Info.plist */,
			);
			path = ZCBookUITests;
			sourceTree = "<group>";
		};
		F0303DCC1C56124100434518 /* RankingList */ = {
			isa = PBXGroup;
			children = (
				F0303DD51C5613AF00434518 /* RankingViewController.swift */,
			);
			name = RankingList;
			sourceTree = "<group>";
		};
		F0303DCE1C56128A00434518 /* Discovery */ = {
			isa = PBXGroup;
			children = (
				F0303DD71C5613C100434518 /* DiscoveryViewController.swift */,
			);
			name = Discovery;
			sourceTree = "<group>";
		};
		F0303DCF1C56129400434518 /* New */ = {
			isa = PBXGroup;
			children = (
				F01AFDFE1C567032004F2A7A /* Controller */,
				F01AFDFD1C56702A004F2A7A /* View */,
				F01AFDFC1C56701C004F2A7A /* Model */,
			);
			name = New;
			sourceTree = "<group>";
		};
		F0303DD01C5612B300434518 /* Circle */ = {
			isa = PBXGroup;
			children = (
				F0303DDB1C56141200434518 /* CircleViewController.swift */,
			);
			name = Circle;
			sourceTree = "<group>";
		};
		F0303DD11C5612D000434518 /* More */ = {
			isa = PBXGroup;
			children = (
				F0303DDD1C56141D00434518 /* MoreViewController.swift */,
			);
			name = More;
			sourceTree = "<group>";
		};
		F0303DD21C56131300434518 /* Main(公共的) */ = {
			isa = PBXGroup;
			children = (
				F0303DD31C56137600434518 /* MainTabBarController.swift */,
				F0303DE01C5618F500434518 /* MainNavigationController.swift */,
			);
			name = "Main(公共的)";
			sourceTree = "<group>";
		};
		F0303DDF1C56143C00434518 /* Supporting Files */ = {
			isa = PBXGroup;
			children = (
				F0303DAA1C5610CF00434518 /* Info.plist */,
				F0303DE21C561EDB00434518 /* Podfile */,
				F0303DE61C562F0600434518 /* Constant.swift */,
			);
			name = "Supporting Files";
			sourceTree = "<group>";
		};
/* End PBXGroup section */

/* Begin PBXNativeTarget section */
		F0303D9A1C5610CF00434518 /* ZCBook */ = {
			isa = PBXNativeTarget;
			buildConfigurationList = F0303DC31C5610D000434518 /* Build configuration list for PBXNativeTarget "ZCBook" */;
			buildPhases = (
				D1B2319C844945E37A8E63A2 /* Check Pods Manifest.lock */,
				F0303D971C5610CF00434518 /* Sources */,
				F0303D981C5610CF00434518 /* Frameworks */,
				F0303D991C5610CF00434518 /* Resources */,
				547F74855423FB1ABEBD29D4 /* Embed Pods Frameworks */,
				861ABA1E774BCD53E1CF71CD /* Copy Pods Resources */,
			);
			buildRules = (
			);
			dependencies = (
			);
			name = ZCBook;
			productName = ZCBook;
			productReference = F0303D9B1C5610CF00434518 /* ZCBook.app */;
			productType = "com.apple.product-type.application";
		};
		F0303DAE1C5610CF00434518 /* ZCBookTests */ = {
			isa = PBXNativeTarget;
			buildConfigurationList = F0303DC61C5610D000434518 /* Build configuration list for PBXNativeTarget "ZCBookTests" */;
			buildPhases = (
				F0303DAB1C5610CF00434518 /* Sources */,
				F0303DAC1C5610CF00434518 /* Frameworks */,
				F0303DAD1C5610CF00434518 /* Resources */,
			);
			buildRules = (
			);
			dependencies = (
				F0303DB11C5610CF00434518 /* PBXTargetDependency */,
			);
			name = ZCBookTests;
			productName = ZCBookTests;
			productReference = F0303DAF1C5610CF00434518 /* ZCBookTests.xctest */;
			productType = "com.apple.product-type.bundle.unit-test";
		};
		F0303DB91C5610CF00434518 /* ZCBookUITests */ = {
			isa = PBXNativeTarget;
			buildConfigurationList = F0303DC91C5610D000434518 /* Build configuration list for PBXNativeTarget "ZCBookUITests" */;
			buildPhases = (
				F0303DB61C5610CF00434518 /* Sources */,
				F0303DB71C5610CF00434518 /* Frameworks */,
				F0303DB81C5610CF00434518 /* Resources */,
			);
			buildRules = (
			);
			dependencies = (
				F0303DBC1C5610CF00434518 /* PBXTargetDependency */,
			);
			name = ZCBookUITests;
			productName = ZCBookUITests;
			productReference = F0303DBA1C5610CF00434518 /* ZCBookUITests.xctest */;
			productType = "com.apple.product-type.bundle.ui-testing";
		};
/* End PBXNativeTarget section */

/* Begin PBXProject section */
		F0303D931C5610CF00434518 /* Project object */ = {
			isa = PBXProject;
			attributes = {
				LastSwiftUpdateCheck = 0720;
				LastUpgradeCheck = 0720;
				ORGANIZATIONNAME = zengchao;
				TargetAttributes = {
					F0303D9A1C5610CF00434518 = {
						CreatedOnToolsVersion = 7.2;
						DevelopmentTeam = N8WR8G89H8;
					};
					F0303DAE1C5610CF00434518 = {
						CreatedOnToolsVersion = 7.2;
						DevelopmentTeam = N8WR8G89H8;
						TestTargetID = F0303D9A1C5610CF00434518;
					};
					F0303DB91C5610CF00434518 = {
						CreatedOnToolsVersion = 7.2;
						DevelopmentTeam = N8WR8G89H8;
						TestTargetID = F0303D9A1C5610CF00434518;
					};
				};
			};
			buildConfigurationList = F0303D961C5610CF00434518 /* Build configuration list for PBXProject "ZCBook" */;
			compatibilityVersion = "Xcode 3.2";
			developmentRegion = English;
			hasScannedForEncodings = 0;
			knownRegions = (
				en,
				Base,
			);
			mainGroup = F0303D921C5610CF00434518;
			productRefGroup = F0303D9C1C5610CF00434518 /* Products */;
			projectDirPath = "";
			projectRoot = "";
			targets = (
				F0303D9A1C5610CF00434518 /* ZCBook */,
				F0303DAE1C5610CF00434518 /* ZCBookTests */,
				F0303DB91C5610CF00434518 /* ZCBookUITests */,
			);
		};
/* End PBXProject section */

/* Begin PBXResourcesBuildPhase section */
		F0303D991C5610CF00434518 /* Resources */ = {
			isa = PBXResourcesBuildPhase;
			buildActionMask = 2147483647;
			files = (
				F0303DE31C561EDB00434518 /* Podfile in Resources */,
				F0303DA91C5610CF00434518 /* LaunchScreen.storyboard in Resources */,
				F0303DA61C5610CF00434518 /* Assets.xcassets in Resources */,
			);
			runOnlyForDeploymentPostprocessing = 0;
		};
		F0303DAD1C5610CF00434518 /* Resources */ = {
			isa = PBXResourcesBuildPhase;
			buildActionMask = 2147483647;
			files = (
			);
			runOnlyForDeploymentPostprocessing = 0;
		};
		F0303DB81C5610CF00434518 /* Resources */ = {
			isa = PBXResourcesBuildPhase;
			buildActionMask = 2147483647;
			files = (
			);
			runOnlyForDeploymentPostprocessing = 0;
		};
/* End PBXResourcesBuildPhase section */

/* Begin PBXShellScriptBuildPhase section */
		547F74855423FB1ABEBD29D4 /* Embed Pods Frameworks */ = {
			isa = PBXShellScriptBuildPhase;
			buildActionMask = 2147483647;
			files = (
			);
			inputPaths = (
			);
			name = "Embed Pods Frameworks";
			outputPaths = (
			);
			runOnlyForDeploymentPostprocessing = 0;
			shellPath = /bin/sh;
			shellScript = "\"${SRCROOT}/Pods/Target Support Files/Pods/Pods-frameworks.sh\"\n";
			showEnvVarsInLog = 0;
		};
		861ABA1E774BCD53E1CF71CD /* Copy Pods Resources */ = {
			isa = PBXShellScriptBuildPhase;
			buildActionMask = 2147483647;
			files = (
			);
			inputPaths = (
			);
			name = "Copy Pods Resources";
			outputPaths = (
			);
			runOnlyForDeploymentPostprocessing = 0;
			shellPath = /bin/sh;
			shellScript = "\"${SRCROOT}/Pods/Target Support Files/Pods/Pods-resources.sh\"\n";
			showEnvVarsInLog = 0;
		};
		D1B2319C844945E37A8E63A2 /* Check Pods Manifest.lock */ = {
			isa = PBXShellScriptBuildPhase;
			buildActionMask = 2147483647;
			files = (
			);
			inputPaths = (
			);
			name = "Check Pods Manifest.lock";
			outputPaths = (
			);
			runOnlyForDeploymentPostprocessing = 0;
			shellPath = /bin/sh;
			shellScript = "diff \"${PODS_ROOT}/../Podfile.lock\" \"${PODS_ROOT}/Manifest.lock\" > /dev/null\nif [[ $? != 0 ]] ; then\n    cat << EOM\nerror: The sandbox is not in sync with the Podfile.lock. Run 'pod install' or update your CocoaPods installation.\nEOM\n    exit 1\nfi\n";
			showEnvVarsInLog = 0;
		};
/* End PBXShellScriptBuildPhase section */

/* Begin PBXSourcesBuildPhase section */
		F0303D971C5610CF00434518 /* Sources */ = {
			isa = PBXSourcesBuildPhase;
			buildActionMask = 2147483647;
			files = (
				F0303DDC1C56141200434518 /* CircleViewController.swift in Sources */,
				F0303D9F1C5610CF00434518 /* AppDelegate.swift in Sources */,
				F0303DE11C5618F500434518 /* MainNavigationController.swift in Sources */,
				F0303DE51C562DE400434518 /* NewListViewController.swift in Sources */,
				F0303DD41C56137600434518 /* MainTabBarController.swift in Sources */,
				F0303DDA1C5613E900434518 /* NewViewController.swift in Sources */,
				F0303DDE1C56141D00434518 /* MoreViewController.swift in Sources */,
				F0303DE71C562F0600434518 /* Constant.swift in Sources */,
				F0303DD61C5613AF00434518 /* RankingViewController.swift in Sources */,
				F0303DD81C5613C100434518 /* DiscoveryViewController.swift in Sources */,
				F01AFE001C5670F5004F2A7A /* NewListView.swift in Sources */,
			);
			runOnlyForDeploymentPostprocessing = 0;
		};
		F0303DAB1C5610CF00434518 /* Sources */ = {
			isa = PBXSourcesBuildPhase;
			buildActionMask = 2147483647;
			files = (
				F0303DB41C5610CF00434518 /* ZCBookTests.swift in Sources */,
			);
			runOnlyForDeploymentPostprocessing = 0;
		};
		F0303DB61C5610CF00434518 /* Sources */ = {
			isa = PBXSourcesBuildPhase;
			buildActionMask = 2147483647;
			files = (
				F0303DBF1C5610D000434518 /* ZCBookUITests.swift in Sources */,
			);
			runOnlyForDeploymentPostprocessing = 0;
		};
/* End PBXSourcesBuildPhase section */

/* Begin PBXTargetDependency section */
		F0303DB11C5610CF00434518 /* PBXTargetDependency */ = {
			isa = PBXTargetDependency;
			target = F0303D9A1C5610CF00434518 /* ZCBook */;
			targetProxy = F0303DB01C5610CF00434518 /* PBXContainerItemProxy */;
		};
		F0303DBC1C5610CF00434518 /* PBXTargetDependency */ = {
			isa = PBXTargetDependency;
			target = F0303D9A1C5610CF00434518 /* ZCBook */;
			targetProxy = F0303DBB1C5610CF00434518 /* PBXContainerItemProxy */;
		};
/* End PBXTargetDependency section */

/* Begin PBXVariantGroup section */
		F0303DA71C5610CF00434518 /* LaunchScreen.storyboard */ = {
			isa = PBXVariantGroup;
			children = (
				F0303DA81C5610CF00434518 /* Base */,
			);
			name = LaunchScreen.storyboard;
			sourceTree = "<group>";
		};
/* End PBXVariantGroup section */

/* Begin XCBuildConfiguration section */
		F0303DC11C5610D000434518 /* Debug */ = {
			isa = XCBuildConfiguration;
			buildSettings = {
				ALWAYS_SEARCH_USER_PATHS = NO;
				CLANG_CXX_LANGUAGE_STANDARD = "gnu++0x";
				CLANG_CXX_LIBRARY = "libc++";
				CLANG_ENABLE_MODULES = YES;
				CLANG_ENABLE_OBJC_ARC = YES;
				CLANG_WARN_BOOL_CONVERSION = YES;
				CLANG_WARN_CONSTANT_CONVERSION = YES;
				CLANG_WARN_DIRECT_OBJC_ISA_USAGE = YES_ERROR;
				CLANG_WARN_EMPTY_BODY = YES;
				CLANG_WARN_ENUM_CONVERSION = YES;
				CLANG_WARN_INT_CONVERSION = YES;
				CLANG_WARN_OBJC_ROOT_CLASS = YES_ERROR;
				CLANG_WARN_UNREACHABLE_CODE = YES;
				CLANG_WARN__DUPLICATE_METHOD_MATCH = YES;
				"CODE_SIGN_IDENTITY[sdk=iphoneos*]" = "iPhone Developer";
				COPY_PHASE_STRIP = NO;
				DEBUG_INFORMATION_FORMAT = dwarf;
				ENABLE_STRICT_OBJC_MSGSEND = YES;
				ENABLE_TESTABILITY = YES;
				GCC_C_LANGUAGE_STANDARD = gnu99;
				GCC_DYNAMIC_NO_PIC = NO;
				GCC_NO_COMMON_BLOCKS = YES;
				GCC_OPTIMIZATION_LEVEL = 0;
				GCC_PREPROCESSOR_DEFINITIONS = (
					"DEBUG=1",
					"$(inherited)",
				);
				GCC_WARN_64_TO_32_BIT_CONVERSION = YES;
				GCC_WARN_ABOUT_RETURN_TYPE = YES_ERROR;
				GCC_WARN_UNDECLARED_SELECTOR = YES;
				GCC_WARN_UNINITIALIZED_AUTOS = YES_AGGRESSIVE;
				GCC_WARN_UNUSED_FUNCTION = YES;
				GCC_WARN_UNUSED_VARIABLE = YES;
				IPHONEOS_DEPLOYMENT_TARGET = 9.2;
				MTL_ENABLE_DEBUG_INFO = YES;
				ONLY_ACTIVE_ARCH = YES;
				SDKROOT = iphoneos;
				SWIFT_OPTIMIZATION_LEVEL = "-Onone";
			};
			name = Debug;
		};
		F0303DC21C5610D000434518 /* Release */ = {
			isa = XCBuildConfiguration;
			buildSettings = {
				ALWAYS_SEARCH_USER_PATHS = NO;
				CLANG_CXX_LANGUAGE_STANDARD = "gnu++0x";
				CLANG_CXX_LIBRARY = "libc++";
				CLANG_ENABLE_MODULES = YES;
				CLANG_ENABLE_OBJC_ARC = YES;
				CLANG_WARN_BOOL_CONVERSION = YES;
				CLANG_WARN_CONSTANT_CONVERSION = YES;
				CLANG_WARN_DIRECT_OBJC_ISA_USAGE = YES_ERROR;
				CLANG_WARN_EMPTY_BODY = YES;
				CLANG_WARN_ENUM_CONVERSION = YES;
				CLANG_WARN_INT_CONVERSION = YES;
				CLANG_WARN_OBJC_ROOT_CLASS = YES_ERROR;
				CLANG_WARN_UNREACHABLE_CODE = YES;
				CLANG_WARN__DUPLICATE_METHOD_MATCH = YES;
				"CODE_SIGN_IDENTITY[sdk=iphoneos*]" = "iPhone Developer";
				COPY_PHASE_STRIP = NO;
				DEBUG_INFORMATION_FORMAT = "dwarf-with-dsym";
				ENABLE_NS_ASSERTIONS = NO;
				ENABLE_STRICT_OBJC_MSGSEND = YES;
				GCC_C_LANGUAGE_STANDARD = gnu99;
				GCC_NO_COMMON_BLOCKS = YES;
				GCC_WARN_64_TO_32_BIT_CONVERSION = YES;
				GCC_WARN_ABOUT_RETURN_TYPE = YES_ERROR;
				GCC_WARN_UNDECLARED_SELECTOR = YES;
				GCC_WARN_UNINITIALIZED_AUTOS = YES_AGGRESSIVE;
				GCC_WARN_UNUSED_FUNCTION = YES;
				GCC_WARN_UNUSED_VARIABLE = YES;
				IPHONEOS_DEPLOYMENT_TARGET = 9.2;
				MTL_ENABLE_DEBUG_INFO = NO;
				SDKROOT = iphoneos;
				VALIDATE_PRODUCT = YES;
			};
			name = Release;
		};
		F0303DC41C5610D000434518 /* Debug */ = {
			isa = XCBuildConfiguration;
			baseConfigurationReference = 34F0B5A41CBF6AAC01D88852 /* Pods.debug.xcconfig */;
			buildSettings = {
				ASSETCATALOG_COMPILER_APPICON_NAME = AppIcon;
				INFOPLIST_FILE = ZCBook/Info.plist;
				LD_RUNPATH_SEARCH_PATHS = "$(inherited) @executable_path/Frameworks";
				PRODUCT_BUNDLE_IDENTIFIER = com.zengchao.ZCBook;
				PRODUCT_NAME = "$(TARGET_NAME)";
			};
			name = Debug;
		};
		F0303DC51C5610D000434518 /* Release */ = {
			isa = XCBuildConfiguration;
			baseConfigurationReference = 951926A57DFBE6AD1BC4FA4C /* Pods.release.xcconfig */;
			buildSettings = {
				ASSETCATALOG_COMPILER_APPICON_NAME = AppIcon;
				INFOPLIST_FILE = ZCBook/Info.plist;
				LD_RUNPATH_SEARCH_PATHS = "$(inherited) @executable_path/Frameworks";
				PRODUCT_BUNDLE_IDENTIFIER = com.zengchao.ZCBook;
				PRODUCT_NAME = "$(TARGET_NAME)";
			};
			name = Release;
		};
		F0303DC71C5610D000434518 /* Debug */ = {
			isa = XCBuildConfiguration;
			buildSettings = {
				BUNDLE_LOADER = "$(TEST_HOST)";
				INFOPLIST_FILE = ZCBookTests/Info.plist;
				LD_RUNPATH_SEARCH_PATHS = "$(inherited) @executable_path/Frameworks @loader_path/Frameworks";
				PRODUCT_BUNDLE_IDENTIFIER = com.zengchao.ZCBookTests;
				PRODUCT_NAME = "$(TARGET_NAME)";
				TEST_HOST = "$(BUILT_PRODUCTS_DIR)/ZCBook.app/ZCBook";
			};
			name = Debug;
		};
		F0303DC81C5610D000434518 /* Release */ = {
			isa = XCBuildConfiguration;
			buildSettings = {
				BUNDLE_LOADER = "$(TEST_HOST)";
				INFOPLIST_FILE = ZCBookTests/Info.plist;
				LD_RUNPATH_SEARCH_PATHS = "$(inherited) @executable_path/Frameworks @loader_path/Frameworks";
				PRODUCT_BUNDLE_IDENTIFIER = com.zengchao.ZCBookTests;
				PRODUCT_NAME = "$(TARGET_NAME)";
				TEST_HOST = "$(BUILT_PRODUCTS_DIR)/ZCBook.app/ZCBook";
			};
			name = Release;
		};
		F0303DCA1C5610D000434518 /* Debug */ = {
			isa = XCBuildConfiguration;
			buildSettings = {
				INFOPLIST_FILE = ZCBookUITests/Info.plist;
				LD_RUNPATH_SEARCH_PATHS = "$(inherited) @executable_path/Frameworks @loader_path/Frameworks";
				PRODUCT_BUNDLE_IDENTIFIER = com.zengchao.ZCBookUITests;
				PRODUCT_NAME = "$(TARGET_NAME)";
				TEST_TARGET_NAME = ZCBook;
				USES_XCTRUNNER = YES;
			};
			name = Debug;
		};
		F0303DCB1C5610D000434518 /* Release */ = {
			isa = XCBuildConfiguration;
			buildSettings = {
				INFOPLIST_FILE = ZCBookUITests/Info.plist;
				LD_RUNPATH_SEARCH_PATHS = "$(inherited) @executable_path/Frameworks @loader_path/Frameworks";
				PRODUCT_BUNDLE_IDENTIFIER = com.zengchao.ZCBookUITests;
				PRODUCT_NAME = "$(TARGET_NAME)";
				TEST_TARGET_NAME = ZCBook;
				USES_XCTRUNNER = YES;
			};
			name = Release;
		};
/* End XCBuildConfiguration section */

/* Begin XCConfigurationList section */
		F0303D961C5610CF00434518 /* Build configuration list for PBXProject "ZCBook" */ = {
			isa = XCConfigurationList;
			buildConfigurations = (
				F0303DC11C5610D000434518 /* Debug */,
				F0303DC21C5610D000434518 /* Release */,
			);
			defaultConfigurationIsVisible = 0;
			defaultConfigurationName = Release;
		};
		F0303DC31C5610D000434518 /* Build configuration list for PBXNativeTarget "ZCBook" */ = {
			isa = XCConfigurationList;
			buildConfigurations = (
				F0303DC41C5610D000434518 /* Debug */,
				F0303DC51C5610D000434518 /* Release */,
			);
			defaultConfigurationIsVisible = 0;
			defaultConfigurationName = Release;
		};
		F0303DC61C5610D000434518 /* Build configuration list for PBXNativeTarget "ZCBookTests" */ = {
			isa = XCConfigurationList;
			buildConfigurations = (
				F0303DC71C5610D000434518 /* Debug */,
				F0303DC81C5610D000434518 /* Release */,
			);
			defaultConfigurationIsVisible = 0;
			defaultConfigurationName = Release;
		};
		F0303DC91C5610D000434518 /* Build configuration list for PBXNativeTarget "ZCBookUITests" */ = {
			isa = XCConfigurationList;
			buildConfigurations = (
				F0303DCA1C5610D000434518 /* Debug */,
				F0303DCB1C5610D000434518 /* Release */,
			);
			defaultConfigurationIsVisible = 0;
			defaultConfigurationName = Release;
		};
/* End XCConfigurationList section */
	};
	rootObject = F0303D931C5610CF00434518 /* Project object */;
}
